
Microsoft Visual Studio Solution File, Format Version 12.00
# Visual Studio Version 17
VisualStudioVersion = 17.5.002.0
MinimumVisualStudioVersion = 10.0.40219.1
Project("{9A19103F-16F7-4668-BE54-9A1E7A4F7556}") = "Fundamentos", "Fundamentos\Fundamentos.csproj", "{F55D2486-BD03-464A-A613-4638439EEEDE}"
EndProject
Project("{9A19103F-16F7-4668-BE54-9A1E7A4F7556}") = "Fundamentos.NET8", "Fundamentos.NET8\Fundamentos.NET8.csproj", "{2B294F46-CE6A-4129-9647-205EA6FEACA5}"
EndProject
Project("{9A19103F-16F7-4668-BE54-9A1E7A4F7556}") = "dotnet", "TesteFundamentos\dotnet.csproj", "{0520123F-8FB9-4F76-8FC5-72C02D0505EE}"
EndProject
Global
	GlobalSection(SolutionConfigurationPlatforms) = preSolution
		Debug|Any CPU = Debug|Any CPU
		Release|Any CPU = Release|Any CPU
	EndGlobalSection
	GlobalSection(ProjectConfigurationPlatforms) = postSolution
		{F55D2486-BD03-464A-A613-4638439EEEDE}.Debug|Any CPU.ActiveCfg = Debug|Any CPU
		{F55D2486-BD03-464A-A613-4638439EEEDE}.Debug|Any CPU.Build.0 = Debug|Any CPU
		{F55D2486-BD03-464A-A613-4638439EEEDE}.Release|Any CPU.ActiveCfg = Release|Any CPU
		{F55D2486-BD03-464A-A613-4638439EEEDE}.Release|Any CPU.Build.0 = Release|Any CPU
		{2B294F46-CE6A-4129-9647-205EA6FEACA5}.Debug|Any CPU.ActiveCfg = Debug|Any CPU
		{2B294F46-CE6A-4129-9647-205EA6FEACA5}.Debug|Any CPU.Build.0 = Debug|Any CPU
		{2B294F46-CE6A-4129-9647-205EA6FEACA5}.Release|Any CPU.ActiveCfg = Release|Any CPU
		{2B294F46-CE6A-4129-9647-205EA6FEACA5}.Release|Any CPU.Build.0 = Release|Any CPU
		{0520123F-8FB9-4F76-8FC5-72C02D0505EE}.Debug|Any CPU.ActiveCfg = Debug|Any CPU
		{0520123F-8FB9-4F76-8FC5-72C02D0505EE}.Debug|Any CPU.Build.0 = Debug|Any CPU
		{0520123F-8FB9-4F76-8FC5-72C02D0505EE}.Release|Any CPU.ActiveCfg = Release|Any CPU
		{0520123F-8FB9-4F76-8FC5-72C02D0505EE}.Release|Any CPU.Build.0 = Release|Any CPU
	EndGlobalSection
	GlobalSection(SolutionProperties) = preSolution
		HideSolutionNode = FALSE
	EndGlobalSection
	GlobalSection(ExtensibilityGlobals) = postSolution
		SolutionGuid = {CEEF37E2-B6C6-45DC-AD37-BC192DA95FE3}
	EndGlobalSection
EndGlobal
